{
  "name": "kvue",
  "version": "1.0.0",
  "lockfileVersion": 1,
  "requires": true,
  "dependencies": {
    "snabbdom": {
      "version": "1.0.1",
      "resolved": "https://registry.npm.taobao.org/snabbdom/download/snabbdom-1.0.1.tgz",
      "integrity": "sha1-Vt4pt0meap7gXgJM4/x11xdhwIo="
    }
  }
}
