{
  "name": "node",
  "version": "1.0.0",
  "lockfileVersion": 1,
  "requires": true,
  "dependencies": {
    "@types/node": {
      "version": "14.14.6",
      "resolved": "http://nexus.addsj.com:8088/repository/npm-public/@types/node/-/node-14.14.6.tgz",
      "integrity": "sha1-FG09pXs8Y2zA0XaTls4c+omRFH8="
    },
    "any-promise": {
      "version": "1.3.0",
      "resolved": "http://nexus.addsj.com:8088/repository/npm-public/any-promise/-/any-promise-1.3.0.tgz",
      "integrity": "sha1-q8av7tzqUugJzcA3au0845Y10X8="
    },
    "debug": {
      "version": "4.2.0",
      "resolved": "http://nexus.addsj.com:8088/repository/npm-public/debug/-/debug-4.2.0.tgz",
      "integrity": "sha1-fxUPk5IOlMWPVXTC/QGjEQ7/5/E=",
      "requires": {
        "ms": "2.1.2"
      }
    },
    "denque": {
      "version": "1.4.1",
      "resolved": "http://nexus.addsj.com:8088/repository/npm-public/denque/-/denque-1.4.1.tgz",
      "integrity": "sha1-Z0T/dkHBSMP4ppwwflEjXB9KN88="
    },
    "dottie": {
      "version": "2.0.2",
      "resolved": "http://nexus.addsj.com:8088/repository/npm-public/dottie/-/dottie-2.0.2.tgz",
      "integrity": "sha1-zJHAcmzjoFTr8RxV+8kqfyZt0VQ="
    },
    "generate-function": {
      "version": "2.3.1",
      "resolved": "http://nexus.addsj.com:8088/repository/npm-public/generate-function/-/generate-function-2.3.1.tgz",
      "integrity": "sha1-8GlhdpDBDIaOc7hGV0Z2T5fDR58=",
      "requires": {
        "is-property": "^1.0.2"
      }
    },
    "iconv-lite": {
      "version": "0.6.2",
      "resolved": "http://nexus.addsj.com:8088/repository/npm-public/iconv-lite/-/iconv-lite-0.6.2.tgz",
      "integrity": "sha1-zhPRh1sMOmdL1qBLf3awGxtt7QE=",
      "requires": {
        "safer-buffer": ">= 2.1.2 < 3.0.0"
      }
    },
    "inflection": {
      "version": "1.12.0",
      "resolved": "http://nexus.addsj.com:8088/repository/npm-public/inflection/-/inflection-1.12.0.tgz",
      "integrity": "sha1-ogCTVlbW9fa8TcdQLhrstwMihBY="
    },
    "is-property": {
      "version": "1.0.2",
      "resolved": "http://nexus.addsj.com:8088/repository/npm-public/is-property/-/is-property-1.0.2.tgz",
      "integrity": "sha1-V/4cTkhHTt1lsJkR8msc1Ald2oQ="
    },
    "lodash": {
      "version": "4.17.20",
      "resolved": "http://nexus.addsj.com:8088/repository/npm-public/lodash/-/lodash-4.17.20.tgz",
      "integrity": "sha1-tEqbYpe8tpjxxRo1RaKzs2jVnFI="
    },
    "long": {
      "version": "4.0.0",
      "resolved": "http://nexus.addsj.com:8088/repository/npm-public/long/-/long-4.0.0.tgz",
      "integrity": "sha1-mntxz7fTYaGU6lVSQckvdGjVvyg="
    },
    "lru-cache": {
      "version": "6.0.0",
      "resolved": "http://nexus.addsj.com:8088/repository/npm-public/lru-cache/-/lru-cache-6.0.0.tgz",
      "integrity": "sha1-bW/mVw69lqr5D8rR2vo7JWbbOpQ=",
      "requires": {
        "yallist": "^4.0.0"
      }
    },
    "moment": {
      "version": "2.29.1",
      "resolved": "http://nexus.addsj.com:8088/repository/npm-public/moment/-/moment-2.29.1.tgz",
      "integrity": "sha1-sr52n6MZQL6e7qZGnAdeNQBvo9M="
    },
    "moment-timezone": {
      "version": "0.5.31",
      "resolved": "http://nexus.addsj.com:8088/repository/npm-public/moment-timezone/-/moment-timezone-0.5.31.tgz",
      "integrity": "sha1-nEDYxQJvDHq0bto9Y+ScFVFI3gU=",
      "requires": {
        "moment": ">= 2.9.0"
      }
    },
    "ms": {
      "version": "2.1.2",
      "resolved": "http://nexus.addsj.com:8088/repository/npm-public/ms/-/ms-2.1.2.tgz",
      "integrity": "sha1-0J0fNXtEP0kzgqjrPM0YOHKuYAk="
    },
    "mysql2": {
      "version": "2.2.5",
      "resolved": "http://nexus.addsj.com:8088/repository/npm-public/mysql2/-/mysql2-2.2.5.tgz",
      "integrity": "sha1-cmJP+0gW+A+Wucl/7djACTX580A=",
      "requires": {
        "denque": "^1.4.1",
        "generate-function": "^2.3.1",
        "iconv-lite": "^0.6.2",
        "long": "^4.0.0",
        "lru-cache": "^6.0.0",
        "named-placeholders": "^1.1.2",
        "seq-queue": "^0.0.5",
        "sqlstring": "^2.3.2"
      }
    },
    "named-placeholders": {
      "version": "1.1.2",
      "resolved": "http://nexus.addsj.com:8088/repository/npm-public/named-placeholders/-/named-placeholders-1.1.2.tgz",
      "integrity": "sha1-zrH7/1C2szSStc8hTM9eOc7z0Og=",
      "requires": {
        "lru-cache": "^4.1.3"
      },
      "dependencies": {
        "lru-cache": {
          "version": "4.1.5",
          "resolved": "http://nexus.addsj.com:8088/repository/npm-public/lru-cache/-/lru-cache-4.1.5.tgz",
          "integrity": "sha1-i75Q6oW+1ZvJ4z3KuCNe6bz0Q80=",
          "requires": {
            "pseudomap": "^1.0.2",
            "yallist": "^2.1.2"
          }
        },
        "yallist": {
          "version": "2.1.2",
          "resolved": "http://nexus.addsj.com:8088/repository/npm-public/yallist/-/yallist-2.1.2.tgz",
          "integrity": "sha1-HBH5IY8HYImkfdUS+TxmmaaoHVI="
        }
      }
    },
    "pseudomap": {
      "version": "1.0.2",
      "resolved": "http://nexus.addsj.com:8088/repository/npm-public/pseudomap/-/pseudomap-1.0.2.tgz",
      "integrity": "sha1-8FKijacOYYkX7wqKw0wa5aaChrM="
    },
    "retry-as-promised": {
      "version": "3.2.0",
      "resolved": "http://nexus.addsj.com:8088/repository/npm-public/retry-as-promised/-/retry-as-promised-3.2.0.tgz",
      "integrity": "sha1-dp9j1Ta+xHg1SdsHd8tW2t2dhUM=",
      "requires": {
        "any-promise": "^1.3.0"
      }
    },
    "safer-buffer": {
      "version": "2.1.2",
      "resolved": "http://nexus.addsj.com:8088/repository/npm-public/safer-buffer/-/safer-buffer-2.1.2.tgz",
      "integrity": "sha1-RPoWGwGHuVSd2Eu5GAL5vYOFzWo="
    },
    "semver": {
      "version": "7.3.2",
      "resolved": "http://nexus.addsj.com:8088/repository/npm-public/semver/-/semver-7.3.2.tgz",
      "integrity": "sha1-YElisFK4HtB4aq6EOJ/7pw/9OTg="
    },
    "seq-queue": {
      "version": "0.0.5",
      "resolved": "http://nexus.addsj.com:8088/repository/npm-public/seq-queue/-/seq-queue-0.0.5.tgz",
      "integrity": "sha1-1WgS4cAXpuTnw+Ojeh2m143TyT4="
    },
    "sequelize": {
      "version": "6.3.5",
      "resolved": "http://nexus.addsj.com:8088/repository/npm-public/sequelize/-/sequelize-6.3.5.tgz",
      "integrity": "sha1-gOPbesi3bZjEXKkzNBl+tuIzUVg=",
      "requires": {
        "debug": "^4.1.1",
        "dottie": "^2.0.0",
        "inflection": "1.12.0",
        "lodash": "^4.17.15",
        "moment": "^2.26.0",
        "moment-timezone": "^0.5.31",
        "retry-as-promised": "^3.2.0",
        "semver": "^7.3.2",
        "sequelize-pool": "^6.0.0",
        "toposort-class": "^1.0.1",
        "uuid": "^8.1.0",
        "validator": "^10.11.0",
        "wkx": "^0.5.0"
      }
    },
    "sequelize-pool": {
      "version": "6.1.0",
      "resolved": "http://nexus.addsj.com:8088/repository/npm-public/sequelize-pool/-/sequelize-pool-6.1.0.tgz",
      "integrity": "sha1-yqoMHjJNPCw6OZ/tLHmYlwkl1mg="
    },
    "sqlstring": {
      "version": "2.3.2",
      "resolved": "http://nexus.addsj.com:8088/repository/npm-public/sqlstring/-/sqlstring-2.3.2.tgz",
      "integrity": "sha1-za5xaTiaE3WxjohfLmCz5GCAlRQ="
    },
    "toposort-class": {
      "version": "1.0.1",
      "resolved": "http://nexus.addsj.com:8088/repository/npm-public/toposort-class/-/toposort-class-1.0.1.tgz",
      "integrity": "sha1-f/0feMi+KMO6Rc1OGj9e4ZO9mYg="
    },
    "uuid": {
      "version": "8.3.1",
      "resolved": "http://nexus.addsj.com:8088/repository/npm-public/uuid/-/uuid-8.3.1.tgz",
      "integrity": "sha1-K6LmygANpg/OWhlpVKskETHgWjE="
    },
    "validator": {
      "version": "10.11.0",
      "resolved": "http://nexus.addsj.com:8088/repository/npm-public/validator/-/validator-10.11.0.tgz",
      "integrity": "sha1-ADEI6m6amHTTHMyeUAaFbM12sig="
    },
    "wkx": {
      "version": "0.5.0",
      "resolved": "http://nexus.addsj.com:8088/repository/npm-public/wkx/-/wkx-0.5.0.tgz",
      "integrity": "sha1-xsNwGaz0DlF8xrlGV6JaPUqjPow=",
      "requires": {
        "@types/node": "*"
      }
    },
    "yallist": {
      "version": "4.0.0",
      "resolved": "http://nexus.addsj.com:8088/repository/npm-public/yallist/-/yallist-4.0.0.tgz",
      "integrity": "sha1-m7knkNnA7/7GO+c1GeEaNQGaOnI="
    }
  }
}
